
Microsoft Visual Studio Solution File, Format Version 12.00
# Visual Studio Version 16
VisualStudioVersion = 16.0.29001.49
MinimumVisualStudioVersion = 10.0.40219.1
Project("{2150E333-8FDC-42A3-9474-1A3956D46DE8}") = "Solution Items", "Solution Items", "{4C03C639-19BD-4AB2-8D19-EA3DE228703C}"
	ProjectSection(SolutionItems) = preProject
		.editorconfig = .editorconfig
		.gitattributes = .gitattributes
		.gitignore = .gitignore
		copyright.template = copyright.template
		.github\workflows\dotnetcore.yml = .github\workflows\dotnetcore.yml
		LICENSE = LICENSE
		.github\workflows\pushnuget.yml = .github\workflows\pushnuget.yml
		README.md = README.md
	EndProjectSection
EndProject
Project("{9A19103F-16F7-4668-BE54-9A1E7A4F7556}") = "InterlockLedger.Tags", "InterlockLedger.Tags\InterlockLedger.Tags.csproj", "{71F52019-1EE6-4A5D-A8BC-D6774ED3B528}"
EndProject
Project("{9A19103F-16F7-4668-BE54-9A1E7A4F7556}") = "InterlockLedger.Tags.UnitTests", "InterlockLedger.Tags.UnitTests\InterlockLedger.Tags.UnitTests.csproj", "{B00000EA-3141-4B18-A736-A9358F80EB49}"
EndProject
Global
	GlobalSection(SolutionConfigurationPlatforms) = preSolution
		Debug|Any CPU = Debug|Any CPU
		Release|Any CPU = Release|Any CPU
	EndGlobalSection
	GlobalSection(ProjectConfigurationPlatforms) = postSolution
		{71F52019-1EE6-4A5D-A8BC-D6774ED3B528}.Debug|Any CPU.ActiveCfg = Debug|Any CPU
		{71F52019-1EE6-4A5D-A8BC-D6774ED3B528}.Debug|Any CPU.Build.0 = Debug|Any CPU
		{71F52019-1EE6-4A5D-A8BC-D6774ED3B528}.Release|Any CPU.ActiveCfg = Release|Any CPU
		{71F52019-1EE6-4A5D-A8BC-D6774ED3B528}.Release|Any CPU.Build.0 = Release|Any CPU
		{B00000EA-3141-4B18-A736-A9358F80EB49}.Debug|Any CPU.ActiveCfg = Debug|Any CPU
		{B00000EA-3141-4B18-A736-A9358F80EB49}.Debug|Any CPU.Build.0 = Debug|Any CPU
		{B00000EA-3141-4B18-A736-A9358F80EB49}.Release|Any CPU.ActiveCfg = Release|Any CPU
		{B00000EA-3141-4B18-A736-A9358F80EB49}.Release|Any CPU.Build.0 = Release|Any CPU
	EndGlobalSection
	GlobalSection(SolutionProperties) = preSolution
		HideSolutionNode = FALSE
	EndGlobalSection
	GlobalSection(ExtensibilityGlobals) = postSolution
		SolutionGuid = {6E61442C-779C-4641-BA16-E3AD40B0ED5E}
	EndGlobalSection
EndGlobal
